Microsoft Visual Studio Solution File, Format Version 12.00
# Visual Studio Version 16
VisualStudioVersion = 16.0.30128.74
MinimumVisualStudioVersion = 15.0.26124.0
Project("{2150E333-8FDC-42A3-9474-1A3956D46DE8}") = "src", "src", "{9ABEAC09-E548-47BE-9377-685947AD4DDF}"
EndProject
Project("{2150E333-8FDC-42A3-9474-1A3956D46DE8}") = "tests", "tests", "{1B9876EE-F3DC-4B15-BE58-3CF4DC098D51}"
EndProject
Project("{9A19103F-16F7-4668-BE54-9A1E7A4F7556}") = "SmartForm.Api.Tests", "tests\Actio.Api.Tests\SmartForm.Api.Tests.csproj", "{EC13F73A-2C28-4E24-970F-8B7A95BA5CD2}"
EndProject
Project("{9A19103F-16F7-4668-BE54-9A1E7A4F7556}") = "SmartForm.Services.Activities.Tests", "tests\Actio.Services.Activities.Tests\SmartForm.Services.Activities.Tests.csproj", "{186CF8E8-F73E-4A50-8F06-0E30847C2703}"
EndProject
Project("{9A19103F-16F7-4668-BE54-9A1E7A4F7556}") = "SmartForm.Services.Identity.Tests", "tests\Actio.Services.Identity.Tests\SmartForm.Services.Identity.Tests.csproj", "{CCD5F4EC-EFE2-4A99-A47D-354DDB6BB936}"
EndProject
Project("{9A19103F-16F7-4668-BE54-9A1E7A4F7556}") = "SmartForm.Common", "src\SmartForm.Common\SmartForm.Common.csproj", "{23814BBD-CDC5-4AA7-8043-E17A43EB95E3}"
EndProject
Project("{9A19103F-16F7-4668-BE54-9A1E7A4F7556}") = "SmartForm.Services.Form", "SmartForm.Services.Form\SmartForm.Services.Form.csproj", "{B1F2D290-82B8-47E6-B379-5A6751ADB707}"
EndProject
Project("{9A19103F-16F7-4668-BE54-9A1E7A4F7556}") = "SmartForm.Services.Folder", "SmartForm.Service.Folder\SmartForm.Services.Folder.csproj", "{BA4F340E-B54B-4A74-AF4D-E9CAF6042E0B}"
EndProject
Project("{9A19103F-16F7-4668-BE54-9A1E7A4F7556}") = "SmartForm.Services.Reports", "src\SmartForm.Services.Reports\SmartForm.Services.Reports.csproj", "{32D81144-F894-4235-9234-F8EFFAF66EA9}"
EndProject
Project("{9A19103F-16F7-4668-BE54-9A1E7A4F7556}") = "SmartForm.Services.Identity", "src\SmartForm.Services.Identity\SmartForm.Services.Identity.csproj", "{542F7888-1137-4C4C-983E-C56D59D5CC40}"
EndProject
Project("{9A19103F-16F7-4668-BE54-9A1E7A4F7556}") = "SmartForm.Api", "src\SmartForm.Api\SmartForm.Api.csproj", "{AB3E120F-9B13-43AD-9426-0FA3970045E2}"
EndProject
Project("{2150E333-8FDC-42A3-9474-1A3956D46DE8}") = "Modules", "Modules", "{5A673F29-21B8-4870-88A5-32C985F8AE32}"
EndProject
Project("{2150E333-8FDC-42A3-9474-1A3956D46DE8}") = "Shared", "Shared", "{9858226A-E571-486D-B8D7-3BEE1D1E9C65}"
EndProject
Global
	GlobalSection(SolutionConfigurationPlatforms) = preSolution
		Debug|Any CPU = Debug|Any CPU
		Debug|x64 = Debug|x64
		Debug|x86 = Debug|x86
		Release|Any CPU = Release|Any CPU
		Release|x64 = Release|x64
		Release|x86 = Release|x86
	EndGlobalSection
	GlobalSection(ProjectConfigurationPlatforms) = postSolution
		{EC13F73A-2C28-4E24-970F-8B7A95BA5CD2}.Debug|Any CPU.ActiveCfg = Debug|Any CPU
		{EC13F73A-2C28-4E24-970F-8B7A95BA5CD2}.Debug|Any CPU.Build.0 = Debug|Any CPU
		{EC13F73A-2C28-4E24-970F-8B7A95BA5CD2}.Debug|x64.ActiveCfg = Debug|Any CPU
		{EC13F73A-2C28-4E24-970F-8B7A95BA5CD2}.Debug|x64.Build.0 = Debug|Any CPU
		{EC13F73A-2C28-4E24-970F-8B7A95BA5CD2}.Debug|x86.ActiveCfg = Debug|Any CPU
		{EC13F73A-2C28-4E24-970F-8B7A95BA5CD2}.Debug|x86.Build.0 = Debug|Any CPU
		{EC13F73A-2C28-4E24-970F-8B7A95BA5CD2}.Release|Any CPU.ActiveCfg = Release|Any CPU
		{EC13F73A-2C28-4E24-970F-8B7A95BA5CD2}.Release|Any CPU.Build.0 = Release|Any CPU
		{EC13F73A-2C28-4E24-970F-8B7A95BA5CD2}.Release|x64.ActiveCfg = Release|Any CPU
		{EC13F73A-2C28-4E24-970F-8B7A95BA5CD2}.Release|x64.Build.0 = Release|Any CPU
		{EC13F73A-2C28-4E24-970F-8B7A95BA5CD2}.Release|x86.ActiveCfg = Release|Any CPU
		{EC13F73A-2C28-4E24-970F-8B7A95BA5CD2}.Release|x86.Build.0 = Release|Any CPU
		{186CF8E8-F73E-4A50-8F06-0E30847C2703}.Debug|Any CPU.ActiveCfg = Debug|Any CPU
		{186CF8E8-F73E-4A50-8F06-0E30847C2703}.Debug|Any CPU.Build.0 = Debug|Any CPU
		{186CF8E8-F73E-4A50-8F06-0E30847C2703}.Debug|x64.ActiveCfg = Debug|Any CPU
		{186CF8E8-F73E-4A50-8F06-0E30847C2703}.Debug|x64.Build.0 = Debug|Any CPU
		{186CF8E8-F73E-4A50-8F06-0E30847C2703}.Debug|x86.ActiveCfg = Debug|Any CPU
		{186CF8E8-F73E-4A50-8F06-0E30847C2703}.Debug|x86.Build.0 = Debug|Any CPU
		{186CF8E8-F73E-4A50-8F06-0E30847C2703}.Release|Any CPU.ActiveCfg = Release|Any CPU
		{186CF8E8-F73E-4A50-8F06-0E30847C2703}.Release|Any CPU.Build.0 = Release|Any CPU
		{186CF8E8-F73E-4A50-8F06-0E30847C2703}.Release|x64.ActiveCfg = Release|Any CPU
		{186CF8E8-F73E-4A50-8F06-0E30847C2703}.Release|x64.Build.0 = Release|Any CPU
		{186CF8E8-F73E-4A50-8F06-0E30847C2703}.Release|x86.ActiveCfg = Release|Any CPU
		{186CF8E8-F73E-4A50-8F06-0E30847C2703}.Release|x86.Build.0 = Release|Any CPU
		{CCD5F4EC-EFE2-4A99-A47D-354DDB6BB936}.Debug|Any CPU.ActiveCfg = Debug|Any CPU
		{CCD5F4EC-EFE2-4A99-A47D-354DDB6BB936}.Debug|Any CPU.Build.0 = Debug|Any CPU
		{CCD5F4EC-EFE2-4A99-A47D-354DDB6BB936}.Debug|x64.ActiveCfg = Debug|Any CPU
		{CCD5F4EC-EFE2-4A99-A47D-354DDB6BB936}.Debug|x64.Build.0 = Debug|Any CPU
		{CCD5F4EC-EFE2-4A99-A47D-354DDB6BB936}.Debug|x86.ActiveCfg = Debug|Any CPU
		{CCD5F4EC-EFE2-4A99-A47D-354DDB6BB936}.Debug|x86.Build.0 = Debug|Any CPU
		{CCD5F4EC-EFE2-4A99-A47D-354DDB6BB936}.Release|Any CPU.ActiveCfg = Release|Any CPU
		{CCD5F4EC-EFE2-4A99-A47D-354DDB6BB936}.Release|Any CPU.Build.0 = Release|Any CPU
		{CCD5F4EC-EFE2-4A99-A47D-354DDB6BB936}.Release|x64.ActiveCfg = Release|Any CPU
		{CCD5F4EC-EFE2-4A99-A47D-354DDB6BB936}.Release|x64.Build.0 = Release|Any CPU
		{CCD5F4EC-EFE2-4A99-A47D-354DDB6BB936}.Release|x86.ActiveCfg = Release|Any CPU
		{CCD5F4EC-EFE2-4A99-A47D-354DDB6BB936}.Release|x86.Build.0 = Release|Any CPU
		{23814BBD-CDC5-4AA7-8043-E17A43EB95E3}.Debug|Any CPU.ActiveCfg = Debug|Any CPU
		{23814BBD-CDC5-4AA7-8043-E17A43EB95E3}.Debug|Any CPU.Build.0 = Debug|Any CPU
		{23814BBD-CDC5-4AA7-8043-E17A43EB95E3}.Debug|x64.ActiveCfg = Debug|Any CPU
		{23814BBD-CDC5-4AA7-8043-E17A43EB95E3}.Debug|x64.Build.0 = Debug|Any CPU
		{23814BBD-CDC5-4AA7-8043-E17A43EB95E3}.Debug|x86.ActiveCfg = Debug|Any CPU
		{23814BBD-CDC5-4AA7-8043-E17A43EB95E3}.Debug|x86.Build.0 = Debug|Any CPU
		{23814BBD-CDC5-4AA7-8043-E17A43EB95E3}.Release|Any CPU.ActiveCfg = Release|Any CPU
		{23814BBD-CDC5-4AA7-8043-E17A43EB95E3}.Release|Any CPU.Build.0 = Release|Any CPU
		{23814BBD-CDC5-4AA7-8043-E17A43EB95E3}.Release|x64.ActiveCfg = Release|Any CPU
		{23814BBD-CDC5-4AA7-8043-E17A43EB95E3}.Release|x64.Build.0 = Release|Any CPU
		{23814BBD-CDC5-4AA7-8043-E17A43EB95E3}.Release|x86.ActiveCfg = Release|Any CPU
		{23814BBD-CDC5-4AA7-8043-E17A43EB95E3}.Release|x86.Build.0 = Release|Any CPU
		{B1F2D290-82B8-47E6-B379-5A6751ADB707}.Debug|Any CPU.ActiveCfg = Debug|Any CPU
		{B1F2D290-82B8-47E6-B379-5A6751ADB707}.Debug|Any CPU.Build.0 = Debug|Any CPU
		{B1F2D290-82B8-47E6-B379-5A6751ADB707}.Debug|x64.ActiveCfg = Debug|Any CPU
		{B1F2D290-82B8-47E6-B379-5A6751ADB707}.Debug|x64.Build.0 = Debug|Any CPU
		{B1F2D290-82B8-47E6-B379-5A6751ADB707}.Debug|x86.ActiveCfg = Debug|Any CPU
		{B1F2D290-82B8-47E6-B379-5A6751ADB707}.Debug|x86.Build.0 = Debug|Any CPU
		{B1F2D290-82B8-47E6-B379-5A6751ADB707}.Release|Any CPU.ActiveCfg = Release|Any CPU
		{B1F2D290-82B8-47E6-B379-5A6751ADB707}.Release|Any CPU.Build.0 = Release|Any CPU
		{B1F2D290-82B8-47E6-B379-5A6751ADB707}.Release|x64.ActiveCfg = Release|Any CPU
		{B1F2D290-82B8-47E6-B379-5A6751ADB707}.Release|x64.Build.0 = Release|Any CPU
		{B1F2D290-82B8-47E6-B379-5A6751ADB707}.Release|x86.ActiveCfg = Release|Any CPU
		{B1F2D290-82B8-47E6-B379-5A6751ADB707}.Release|x86.Build.0 = Release|Any CPU
		{BA4F340E-B54B-4A74-AF4D-E9CAF6042E0B}.Debug|Any CPU.ActiveCfg = Debug|Any CPU
		{BA4F340E-B54B-4A74-AF4D-E9CAF6042E0B}.Debug|Any CPU.Build.0 = Debug|Any CPU
		{BA4F340E-B54B-4A74-AF4D-E9CAF6042E0B}.Debug|x64.ActiveCfg = Debug|Any CPU
		{BA4F340E-B54B-4A74-AF4D-E9CAF6042E0B}.Debug|x64.Build.0 = Debug|Any CPU
		{BA4F340E-B54B-4A74-AF4D-E9CAF6042E0B}.Debug|x86.ActiveCfg = Debug|Any CPU
		{BA4F340E-B54B-4A74-AF4D-E9CAF6042E0B}.Debug|x86.Build.0 = Debug|Any CPU
		{BA4F340E-B54B-4A74-AF4D-E9CAF6042E0B}.Release|Any CPU.ActiveCfg = Release|Any CPU
		{BA4F340E-B54B-4A74-AF4D-E9CAF6042E0B}.Release|Any CPU.Build.0 = Release|Any CPU
		{BA4F340E-B54B-4A74-AF4D-E9CAF6042E0B}.Release|x64.ActiveCfg = Release|Any CPU
		{BA4F340E-B54B-4A74-AF4D-E9CAF6042E0B}.Release|x64.Build.0 = Release|Any CPU
		{BA4F340E-B54B-4A74-AF4D-E9CAF6042E0B}.Release|x86.ActiveCfg = Release|Any CPU
		{BA4F340E-B54B-4A74-AF4D-E9CAF6042E0B}.Release|x86.Build.0 = Release|Any CPU
		{32D81144-F894-4235-9234-F8EFFAF66EA9}.Debug|Any CPU.ActiveCfg = Debug|Any CPU
		{32D81144-F894-4235-9234-F8EFFAF66EA9}.Debug|Any CPU.Build.0 = Debug|Any CPU
		{32D81144-F894-4235-9234-F8EFFAF66EA9}.Debug|x64.ActiveCfg = Debug|Any CPU
		{32D81144-F894-4235-9234-F8EFFAF66EA9}.Debug|x64.Build.0 = Debug|Any CPU
		{32D81144-F894-4235-9234-F8EFFAF66EA9}.Debug|x86.ActiveCfg = Debug|Any CPU
		{32D81144-F894-4235-9234-F8EFFAF66EA9}.Debug|x86.Build.0 = Debug|Any CPU
		{32D81144-F894-4235-9234-F8EFFAF66EA9}.Release|Any CPU.ActiveCfg = Release|Any CPU
		{32D81144-F894-4235-9234-F8EFFAF66EA9}.Release|Any CPU.Build.0 = Release|Any CPU
		{32D81144-F894-4235-9234-F8EFFAF66EA9}.Release|x64.ActiveCfg = Release|Any CPU
		{32D81144-F894-4235-9234-F8EFFAF66EA9}.Release|x64.Build.0 = Release|Any CPU
		{32D81144-F894-4235-9234-F8EFFAF66EA9}.Release|x86.ActiveCfg = Release|Any CPU
		{32D81144-F894-4235-9234-F8EFFAF66EA9}.Release|x86.Build.0 = Release|Any CPU
		{542F7888-1137-4C4C-983E-C56D59D5CC40}.Debug|Any CPU.ActiveCfg = Debug|Any CPU
		{542F7888-1137-4C4C-983E-C56D59D5CC40}.Debug|Any CPU.Build.0 = Debug|Any CPU
		{542F7888-1137-4C4C-983E-C56D59D5CC40}.Debug|x64.ActiveCfg = Debug|Any CPU
		{542F7888-1137-4C4C-983E-C56D59D5CC40}.Debug|x64.Build.0 = Debug|Any CPU
		{542F7888-1137-4C4C-983E-C56D59D5CC40}.Debug|x86.ActiveCfg = Debug|Any CPU
		{542F7888-1137-4C4C-983E-C56D59D5CC40}.Debug|x86.Build.0 = Debug|Any CPU
		{542F7888-1137-4C4C-983E-C56D59D5CC40}.Release|Any CPU.ActiveCfg = Release|Any CPU
		{542F7888-1137-4C4C-983E-C56D59D5CC40}.Release|Any CPU.Build.0 = Release|Any CPU
		{542F7888-1137-4C4C-983E-C56D59D5CC40}.Release|x64.ActiveCfg = Release|Any CPU
		{542F7888-1137-4C4C-983E-C56D59D5CC40}.Release|x64.Build.0 = Release|Any CPU
		{542F7888-1137-4C4C-983E-C56D59D5CC40}.Release|x86.ActiveCfg = Release|Any CPU
		{542F7888-1137-4C4C-983E-C56D59D5CC40}.Release|x86.Build.0 = Release|Any CPU
		{AB3E120F-9B13-43AD-9426-0FA3970045E2}.Debug|Any CPU.ActiveCfg = Debug|Any CPU
		{AB3E120F-9B13-43AD-9426-0FA3970045E2}.Debug|Any CPU.Build.0 = Debug|Any CPU
		{AB3E120F-9B13-43AD-9426-0FA3970045E2}.Debug|x64.ActiveCfg = Debug|Any CPU
		{AB3E120F-9B13-43AD-9426-0FA3970045E2}.Debug|x64.Build.0 = Debug|Any CPU
		{AB3E120F-9B13-43AD-9426-0FA3970045E2}.Debug|x86.ActiveCfg = Debug|Any CPU
		{AB3E120F-9B13-43AD-9426-0FA3970045E2}.Debug|x86.Build.0 = Debug|Any CPU
		{AB3E120F-9B13-43AD-9426-0FA3970045E2}.Release|Any CPU.ActiveCfg = Release|Any CPU
		{AB3E120F-9B13-43AD-9426-0FA3970045E2}.Release|Any CPU.Build.0 = Release|Any CPU
		{AB3E120F-9B13-43AD-9426-0FA3970045E2}.Release|x64.ActiveCfg = Release|Any CPU
		{AB3E120F-9B13-43AD-9426-0FA3970045E2}.Release|x64.Build.0 = Release|Any CPU
		{AB3E120F-9B13-43AD-9426-0FA3970045E2}.Release|x86.ActiveCfg = Release|Any CPU
		{AB3E120F-9B13-43AD-9426-0FA3970045E2}.Release|x86.Build.0 = Release|Any CPU
	EndGlobalSection
	GlobalSection(SolutionProperties) = preSolution
		HideSolutionNode = FALSE
	EndGlobalSection
	GlobalSection(NestedProjects) = preSolution
		{EC13F73A-2C28-4E24-970F-8B7A95BA5CD2} = {1B9876EE-F3DC-4B15-BE58-3CF4DC098D51}
		{186CF8E8-F73E-4A50-8F06-0E30847C2703} = {1B9876EE-F3DC-4B15-BE58-3CF4DC098D51}
		{CCD5F4EC-EFE2-4A99-A47D-354DDB6BB936} = {1B9876EE-F3DC-4B15-BE58-3CF4DC098D51}
		{5A673F29-21B8-4870-88A5-32C985F8AE32} = {9ABEAC09-E548-47BE-9377-685947AD4DDF}
		{BA4F340E-B54B-4A74-AF4D-E9CAF6042E0B} = {5A673F29-21B8-4870-88A5-32C985F8AE32}
		{B1F2D290-82B8-47E6-B379-5A6751ADB707} = {5A673F29-21B8-4870-88A5-32C985F8AE32}
		{542F7888-1137-4C4C-983E-C56D59D5CC40} = {5A673F29-21B8-4870-88A5-32C985F8AE32}
		{32D81144-F894-4235-9234-F8EFFAF66EA9} = {5A673F29-21B8-4870-88A5-32C985F8AE32}
		{9858226A-E571-486D-B8D7-3BEE1D1E9C65} = {9ABEAC09-E548-47BE-9377-685947AD4DDF}
		{AB3E120F-9B13-43AD-9426-0FA3970045E2} = {9858226A-E571-486D-B8D7-3BEE1D1E9C65}
		{23814BBD-CDC5-4AA7-8043-E17A43EB95E3} = {9858226A-E571-486D-B8D7-3BEE1D1E9C65}
	EndGlobalSection
	GlobalSection(ExtensibilityGlobals) = postSolution
		SolutionGuid = {2488DA16-E7BC-4742-A464-DF6A6319D50A}
	EndGlobalSection
EndGlobal
