Microsoft Visual Studio Solution File, Format Version 12.00
# Visual Studio Version 16
VisualStudioVersion = 16.0.30128.74
MinimumVisualStudioVersion = 15.0.26124.0
Project("{2150E333-8FDC-42A3-9474-1A3956D46DE8}") = "src", "src", "{9ABEAC09-E548-47BE-9377-685947AD4DDF}"
EndProject
Project("{2150E333-8FDC-42A3-9474-1A3956D46DE8}") = "tests", "tests", "{1B9876EE-F3DC-4B15-BE58-3CF4DC098D51}"
EndProject
Project("{9A19103F-16F7-4668-BE54-9A1E7A4F7556}") = "SmartForm.Api.Tests", "tests\Actio.Api.Tests\SmartForm.Api.Tests.csproj", "{EC13F73A-2C28-4E24-970F-8B7A95BA5CD2}"
EndProject
Project("{9A19103F-16F7-4668-BE54-9A1E7A4F7556}") = "SmartForm.Services.Activities.Tests", "tests\Actio.Services.Activities.Tests\SmartForm.Services.Activities.Tests.csproj", "{186CF8E8-F73E-4A50-8F06-0E30847C2703}"
EndProject
Project("{9A19103F-16F7-4668-BE54-9A1E7A4F7556}") = "SmartForm.Services.Identity.Tests", "tests\Actio.Services.Identity.Tests\SmartForm.Services.Identity.Tests.csproj", "{CCD5F4EC-EFE2-4A99-A47D-354DDB6BB936}"
EndProject
Project("{2150E333-8FDC-42A3-9474-1A3956D46DE8}") = "Modules", "Modules", "{5A673F29-21B8-4870-88A5-32C985F8AE32}"
EndProject
Project("{2150E333-8FDC-42A3-9474-1A3956D46DE8}") = "Shared", "Shared", "{9858226A-E571-486D-B8D7-3BEE1D1E9C65}"
EndProject
Project("{9A19103F-16F7-4668-BE54-9A1E7A4F7556}") = "SmartForm.Services.Identity", "src\Modules\SmartForm.Services.Identity\SmartForm.Services.Identity.csproj", "{F36E0E6A-F289-481A-B2DE-42D46C2EBE6F}"
EndProject
Project("{9A19103F-16F7-4668-BE54-9A1E7A4F7556}") = "SmartForm.Services.Reports", "src\Modules\SmartForm.Services.Reports\SmartForm.Services.Reports.csproj", "{1FC0E749-6CE5-40CD-96B9-19850C480C5C}"
EndProject
Project("{9A19103F-16F7-4668-BE54-9A1E7A4F7556}") = "SmartForm.Api", "src\Shared\SmartForm.Api\SmartForm.Api.csproj", "{5E4D8C6D-C446-413F-8B62-911EC42F0B34}"
EndProject
Project("{9A19103F-16F7-4668-BE54-9A1E7A4F7556}") = "SmartForm.Common", "src\Shared\SmartForm.Common\SmartForm.Common.csproj", "{B0D0D98D-80E1-4982-97AA-F6401543C2F4}"
EndProject
Project("{9A19103F-16F7-4668-BE54-9A1E7A4F7556}") = "SmartForm.Services.Folder", "src\Modules\SmartForm.Services.Folder\SmartForm.Services.Folder.csproj", "{C53FD52A-B245-4662-938B-0739A8F224C9}"
EndProject
Project("{9A19103F-16F7-4668-BE54-9A1E7A4F7556}") = "SmartForm.Services.Form", "src\Modules\SmartForm.Services.Form\SmartForm.Services.Form.csproj", "{5AB87F7D-8A24-4374-9802-1E259DAF40F3}"
EndProject
Project("{2150E333-8FDC-42A3-9474-1A3956D46DE8}") = "Solution Items", "Solution Items", "{336BEF14-3C96-41D9-806E-85688AFA8A13}"
	ProjectSection(SolutionItems) = preProject
		.editorconfig = .editorconfig
	EndProjectSection
EndProject
Global
	GlobalSection(SolutionConfigurationPlatforms) = preSolution
		Debug|Any CPU = Debug|Any CPU
		Debug|x64 = Debug|x64
		Debug|x86 = Debug|x86
		Release|Any CPU = Release|Any CPU
		Release|x64 = Release|x64
		Release|x86 = Release|x86
	EndGlobalSection
	GlobalSection(ProjectConfigurationPlatforms) = postSolution
		{EC13F73A-2C28-4E24-970F-8B7A95BA5CD2}.Debug|Any CPU.ActiveCfg = Debug|Any CPU
		{EC13F73A-2C28-4E24-970F-8B7A95BA5CD2}.Debug|Any CPU.Build.0 = Debug|Any CPU
		{EC13F73A-2C28-4E24-970F-8B7A95BA5CD2}.Debug|x64.ActiveCfg = Debug|Any CPU
		{EC13F73A-2C28-4E24-970F-8B7A95BA5CD2}.Debug|x64.Build.0 = Debug|Any CPU
		{EC13F73A-2C28-4E24-970F-8B7A95BA5CD2}.Debug|x86.ActiveCfg = Debug|Any CPU
		{EC13F73A-2C28-4E24-970F-8B7A95BA5CD2}.Debug|x86.Build.0 = Debug|Any CPU
		{EC13F73A-2C28-4E24-970F-8B7A95BA5CD2}.Release|Any CPU.ActiveCfg = Release|Any CPU
		{EC13F73A-2C28-4E24-970F-8B7A95BA5CD2}.Release|Any CPU.Build.0 = Release|Any CPU
		{EC13F73A-2C28-4E24-970F-8B7A95BA5CD2}.Release|x64.ActiveCfg = Release|Any CPU
		{EC13F73A-2C28-4E24-970F-8B7A95BA5CD2}.Release|x64.Build.0 = Release|Any CPU
		{EC13F73A-2C28-4E24-970F-8B7A95BA5CD2}.Release|x86.ActiveCfg = Release|Any CPU
		{EC13F73A-2C28-4E24-970F-8B7A95BA5CD2}.Release|x86.Build.0 = Release|Any CPU
		{186CF8E8-F73E-4A50-8F06-0E30847C2703}.Debug|Any CPU.ActiveCfg = Debug|Any CPU
		{186CF8E8-F73E-4A50-8F06-0E30847C2703}.Debug|Any CPU.Build.0 = Debug|Any CPU
		{186CF8E8-F73E-4A50-8F06-0E30847C2703}.Debug|x64.ActiveCfg = Debug|Any CPU
		{186CF8E8-F73E-4A50-8F06-0E30847C2703}.Debug|x64.Build.0 = Debug|Any CPU
		{186CF8E8-F73E-4A50-8F06-0E30847C2703}.Debug|x86.ActiveCfg = Debug|Any CPU
		{186CF8E8-F73E-4A50-8F06-0E30847C2703}.Debug|x86.Build.0 = Debug|Any CPU
		{186CF8E8-F73E-4A50-8F06-0E30847C2703}.Release|Any CPU.ActiveCfg = Release|Any CPU
		{186CF8E8-F73E-4A50-8F06-0E30847C2703}.Release|Any CPU.Build.0 = Release|Any CPU
		{186CF8E8-F73E-4A50-8F06-0E30847C2703}.Release|x64.ActiveCfg = Release|Any CPU
		{186CF8E8-F73E-4A50-8F06-0E30847C2703}.Release|x64.Build.0 = Release|Any CPU
		{186CF8E8-F73E-4A50-8F06-0E30847C2703}.Release|x86.ActiveCfg = Release|Any CPU
		{186CF8E8-F73E-4A50-8F06-0E30847C2703}.Release|x86.Build.0 = Release|Any CPU
		{CCD5F4EC-EFE2-4A99-A47D-354DDB6BB936}.Debug|Any CPU.ActiveCfg = Debug|Any CPU
		{CCD5F4EC-EFE2-4A99-A47D-354DDB6BB936}.Debug|Any CPU.Build.0 = Debug|Any CPU
		{CCD5F4EC-EFE2-4A99-A47D-354DDB6BB936}.Debug|x64.ActiveCfg = Debug|Any CPU
		{CCD5F4EC-EFE2-4A99-A47D-354DDB6BB936}.Debug|x64.Build.0 = Debug|Any CPU
		{CCD5F4EC-EFE2-4A99-A47D-354DDB6BB936}.Debug|x86.ActiveCfg = Debug|Any CPU
		{CCD5F4EC-EFE2-4A99-A47D-354DDB6BB936}.Debug|x86.Build.0 = Debug|Any CPU
		{CCD5F4EC-EFE2-4A99-A47D-354DDB6BB936}.Release|Any CPU.ActiveCfg = Release|Any CPU
		{CCD5F4EC-EFE2-4A99-A47D-354DDB6BB936}.Release|Any CPU.Build.0 = Release|Any CPU
		{CCD5F4EC-EFE2-4A99-A47D-354DDB6BB936}.Release|x64.ActiveCfg = Release|Any CPU
		{CCD5F4EC-EFE2-4A99-A47D-354DDB6BB936}.Release|x64.Build.0 = Release|Any CPU
		{CCD5F4EC-EFE2-4A99-A47D-354DDB6BB936}.Release|x86.ActiveCfg = Release|Any CPU
		{CCD5F4EC-EFE2-4A99-A47D-354DDB6BB936}.Release|x86.Build.0 = Release|Any CPU
		{F36E0E6A-F289-481A-B2DE-42D46C2EBE6F}.Debug|Any CPU.ActiveCfg = Debug|Any CPU
		{F36E0E6A-F289-481A-B2DE-42D46C2EBE6F}.Debug|Any CPU.Build.0 = Debug|Any CPU
		{F36E0E6A-F289-481A-B2DE-42D46C2EBE6F}.Debug|x64.ActiveCfg = Debug|Any CPU
		{F36E0E6A-F289-481A-B2DE-42D46C2EBE6F}.Debug|x64.Build.0 = Debug|Any CPU
		{F36E0E6A-F289-481A-B2DE-42D46C2EBE6F}.Debug|x86.ActiveCfg = Debug|Any CPU
		{F36E0E6A-F289-481A-B2DE-42D46C2EBE6F}.Debug|x86.Build.0 = Debug|Any CPU
		{F36E0E6A-F289-481A-B2DE-42D46C2EBE6F}.Release|Any CPU.ActiveCfg = Release|Any CPU
		{F36E0E6A-F289-481A-B2DE-42D46C2EBE6F}.Release|Any CPU.Build.0 = Release|Any CPU
		{F36E0E6A-F289-481A-B2DE-42D46C2EBE6F}.Release|x64.ActiveCfg = Release|Any CPU
		{F36E0E6A-F289-481A-B2DE-42D46C2EBE6F}.Release|x64.Build.0 = Release|Any CPU
		{F36E0E6A-F289-481A-B2DE-42D46C2EBE6F}.Release|x86.ActiveCfg = Release|Any CPU
		{F36E0E6A-F289-481A-B2DE-42D46C2EBE6F}.Release|x86.Build.0 = Release|Any CPU
		{1FC0E749-6CE5-40CD-96B9-19850C480C5C}.Debug|Any CPU.ActiveCfg = Debug|Any CPU
		{1FC0E749-6CE5-40CD-96B9-19850C480C5C}.Debug|Any CPU.Build.0 = Debug|Any CPU
		{1FC0E749-6CE5-40CD-96B9-19850C480C5C}.Debug|x64.ActiveCfg = Debug|Any CPU
		{1FC0E749-6CE5-40CD-96B9-19850C480C5C}.Debug|x64.Build.0 = Debug|Any CPU
		{1FC0E749-6CE5-40CD-96B9-19850C480C5C}.Debug|x86.ActiveCfg = Debug|Any CPU
		{1FC0E749-6CE5-40CD-96B9-19850C480C5C}.Debug|x86.Build.0 = Debug|Any CPU
		{1FC0E749-6CE5-40CD-96B9-19850C480C5C}.Release|Any CPU.ActiveCfg = Release|Any CPU
		{1FC0E749-6CE5-40CD-96B9-19850C480C5C}.Release|Any CPU.Build.0 = Release|Any CPU
		{1FC0E749-6CE5-40CD-96B9-19850C480C5C}.Release|x64.ActiveCfg = Release|Any CPU
		{1FC0E749-6CE5-40CD-96B9-19850C480C5C}.Release|x64.Build.0 = Release|Any CPU
		{1FC0E749-6CE5-40CD-96B9-19850C480C5C}.Release|x86.ActiveCfg = Release|Any CPU
		{1FC0E749-6CE5-40CD-96B9-19850C480C5C}.Release|x86.Build.0 = Release|Any CPU
		{5E4D8C6D-C446-413F-8B62-911EC42F0B34}.Debug|Any CPU.ActiveCfg = Debug|Any CPU
		{5E4D8C6D-C446-413F-8B62-911EC42F0B34}.Debug|Any CPU.Build.0 = Debug|Any CPU
		{5E4D8C6D-C446-413F-8B62-911EC42F0B34}.Debug|x64.ActiveCfg = Debug|Any CPU
		{5E4D8C6D-C446-413F-8B62-911EC42F0B34}.Debug|x64.Build.0 = Debug|Any CPU
		{5E4D8C6D-C446-413F-8B62-911EC42F0B34}.Debug|x86.ActiveCfg = Debug|Any CPU
		{5E4D8C6D-C446-413F-8B62-911EC42F0B34}.Debug|x86.Build.0 = Debug|Any CPU
		{5E4D8C6D-C446-413F-8B62-911EC42F0B34}.Release|Any CPU.ActiveCfg = Release|Any CPU
		{5E4D8C6D-C446-413F-8B62-911EC42F0B34}.Release|Any CPU.Build.0 = Release|Any CPU
		{5E4D8C6D-C446-413F-8B62-911EC42F0B34}.Release|x64.ActiveCfg = Release|Any CPU
		{5E4D8C6D-C446-413F-8B62-911EC42F0B34}.Release|x64.Build.0 = Release|Any CPU
		{5E4D8C6D-C446-413F-8B62-911EC42F0B34}.Release|x86.ActiveCfg = Release|Any CPU
		{5E4D8C6D-C446-413F-8B62-911EC42F0B34}.Release|x86.Build.0 = Release|Any CPU
		{B0D0D98D-80E1-4982-97AA-F6401543C2F4}.Debug|Any CPU.ActiveCfg = Debug|Any CPU
		{B0D0D98D-80E1-4982-97AA-F6401543C2F4}.Debug|Any CPU.Build.0 = Debug|Any CPU
		{B0D0D98D-80E1-4982-97AA-F6401543C2F4}.Debug|x64.ActiveCfg = Debug|Any CPU
		{B0D0D98D-80E1-4982-97AA-F6401543C2F4}.Debug|x64.Build.0 = Debug|Any CPU
		{B0D0D98D-80E1-4982-97AA-F6401543C2F4}.Debug|x86.ActiveCfg = Debug|Any CPU
		{B0D0D98D-80E1-4982-97AA-F6401543C2F4}.Debug|x86.Build.0 = Debug|Any CPU
		{B0D0D98D-80E1-4982-97AA-F6401543C2F4}.Release|Any CPU.ActiveCfg = Release|Any CPU
		{B0D0D98D-80E1-4982-97AA-F6401543C2F4}.Release|Any CPU.Build.0 = Release|Any CPU
		{B0D0D98D-80E1-4982-97AA-F6401543C2F4}.Release|x64.ActiveCfg = Release|Any CPU
		{B0D0D98D-80E1-4982-97AA-F6401543C2F4}.Release|x64.Build.0 = Release|Any CPU
		{B0D0D98D-80E1-4982-97AA-F6401543C2F4}.Release|x86.ActiveCfg = Release|Any CPU
		{B0D0D98D-80E1-4982-97AA-F6401543C2F4}.Release|x86.Build.0 = Release|Any CPU
		{C53FD52A-B245-4662-938B-0739A8F224C9}.Debug|Any CPU.ActiveCfg = Debug|Any CPU
		{C53FD52A-B245-4662-938B-0739A8F224C9}.Debug|Any CPU.Build.0 = Debug|Any CPU
		{C53FD52A-B245-4662-938B-0739A8F224C9}.Debug|x64.ActiveCfg = Debug|Any CPU
		{C53FD52A-B245-4662-938B-0739A8F224C9}.Debug|x64.Build.0 = Debug|Any CPU
		{C53FD52A-B245-4662-938B-0739A8F224C9}.Debug|x86.ActiveCfg = Debug|Any CPU
		{C53FD52A-B245-4662-938B-0739A8F224C9}.Debug|x86.Build.0 = Debug|Any CPU
		{C53FD52A-B245-4662-938B-0739A8F224C9}.Release|Any CPU.ActiveCfg = Release|Any CPU
		{C53FD52A-B245-4662-938B-0739A8F224C9}.Release|Any CPU.Build.0 = Release|Any CPU
		{C53FD52A-B245-4662-938B-0739A8F224C9}.Release|x64.ActiveCfg = Release|Any CPU
		{C53FD52A-B245-4662-938B-0739A8F224C9}.Release|x64.Build.0 = Release|Any CPU
		{C53FD52A-B245-4662-938B-0739A8F224C9}.Release|x86.ActiveCfg = Release|Any CPU
		{C53FD52A-B245-4662-938B-0739A8F224C9}.Release|x86.Build.0 = Release|Any CPU
		{5AB87F7D-8A24-4374-9802-1E259DAF40F3}.Debug|Any CPU.ActiveCfg = Debug|Any CPU
		{5AB87F7D-8A24-4374-9802-1E259DAF40F3}.Debug|Any CPU.Build.0 = Debug|Any CPU
		{5AB87F7D-8A24-4374-9802-1E259DAF40F3}.Debug|x64.ActiveCfg = Debug|Any CPU
		{5AB87F7D-8A24-4374-9802-1E259DAF40F3}.Debug|x64.Build.0 = Debug|Any CPU
		{5AB87F7D-8A24-4374-9802-1E259DAF40F3}.Debug|x86.ActiveCfg = Debug|Any CPU
		{5AB87F7D-8A24-4374-9802-1E259DAF40F3}.Debug|x86.Build.0 = Debug|Any CPU
		{5AB87F7D-8A24-4374-9802-1E259DAF40F3}.Release|Any CPU.ActiveCfg = Release|Any CPU
		{5AB87F7D-8A24-4374-9802-1E259DAF40F3}.Release|Any CPU.Build.0 = Release|Any CPU
		{5AB87F7D-8A24-4374-9802-1E259DAF40F3}.Release|x64.ActiveCfg = Release|Any CPU
		{5AB87F7D-8A24-4374-9802-1E259DAF40F3}.Release|x64.Build.0 = Release|Any CPU
		{5AB87F7D-8A24-4374-9802-1E259DAF40F3}.Release|x86.ActiveCfg = Release|Any CPU
		{5AB87F7D-8A24-4374-9802-1E259DAF40F3}.Release|x86.Build.0 = Release|Any CPU
	EndGlobalSection
	GlobalSection(SolutionProperties) = preSolution
		HideSolutionNode = FALSE
	EndGlobalSection
	GlobalSection(NestedProjects) = preSolution
		{EC13F73A-2C28-4E24-970F-8B7A95BA5CD2} = {1B9876EE-F3DC-4B15-BE58-3CF4DC098D51}
		{186CF8E8-F73E-4A50-8F06-0E30847C2703} = {1B9876EE-F3DC-4B15-BE58-3CF4DC098D51}
		{CCD5F4EC-EFE2-4A99-A47D-354DDB6BB936} = {1B9876EE-F3DC-4B15-BE58-3CF4DC098D51}
		{5A673F29-21B8-4870-88A5-32C985F8AE32} = {9ABEAC09-E548-47BE-9377-685947AD4DDF}
		{9858226A-E571-486D-B8D7-3BEE1D1E9C65} = {9ABEAC09-E548-47BE-9377-685947AD4DDF}
		{F36E0E6A-F289-481A-B2DE-42D46C2EBE6F} = {5A673F29-21B8-4870-88A5-32C985F8AE32}
		{1FC0E749-6CE5-40CD-96B9-19850C480C5C} = {5A673F29-21B8-4870-88A5-32C985F8AE32}
		{5E4D8C6D-C446-413F-8B62-911EC42F0B34} = {9858226A-E571-486D-B8D7-3BEE1D1E9C65}
		{B0D0D98D-80E1-4982-97AA-F6401543C2F4} = {9858226A-E571-486D-B8D7-3BEE1D1E9C65}
		{C53FD52A-B245-4662-938B-0739A8F224C9} = {5A673F29-21B8-4870-88A5-32C985F8AE32}
		{5AB87F7D-8A24-4374-9802-1E259DAF40F3} = {5A673F29-21B8-4870-88A5-32C985F8AE32}
	EndGlobalSection
	GlobalSection(ExtensibilityGlobals) = postSolution
		SolutionGuid = {2488DA16-E7BC-4742-A464-DF6A6319D50A}
	EndGlobalSection
EndGlobal
